
Microsoft Visual Studio Solution File, Format Version 12.00
# Visual Studio Version 17
VisualStudioVersion = 17.2.32505.173
MinimumVisualStudioVersion = 10.0.40219.1
Project("{FAE04EC0-301F-11D3-BF4B-00C04F79EFBC}") = "Login1", "Login1\Login1.csproj", "{48BC18C8-DDD4-4565-B300-00B9365C1C12}"
EndProject
Project("{FAE04EC0-301F-11D3-BF4B-00C04F79EFBC}") = "GmailTest", "GmailTest\GmailTest.csproj", "{366FFEC2-463F-4A02-AFFC-283BA5BB45DB}"
EndProject
Project("{FAE04EC0-301F-11D3-BF4B-00C04F79EFBC}") = "ClassLibrary1", "ClassLibrary1\ClassLibrary1.csproj", "{AA30FBDB-1126-4179-9E42-B74DFD601F0E}"
EndProject
Global
	GlobalSection(SolutionConfigurationPlatforms) = preSolution
		Debug|Any CPU = Debug|Any CPU
		Release|Any CPU = Release|Any CPU
	EndGlobalSection
	GlobalSection(ProjectConfigurationPlatforms) = postSolution
		{48BC18C8-DDD4-4565-B300-00B9365C1C12}.Debug|Any CPU.ActiveCfg = Debug|Any CPU
		{48BC18C8-DDD4-4565-B300-00B9365C1C12}.Debug|Any CPU.Build.0 = Debug|Any CPU
		{48BC18C8-DDD4-4565-B300-00B9365C1C12}.Release|Any CPU.ActiveCfg = Release|Any CPU
		{48BC18C8-DDD4-4565-B300-00B9365C1C12}.Release|Any CPU.Build.0 = Release|Any CPU
		{366FFEC2-463F-4A02-AFFC-283BA5BB45DB}.Debug|Any CPU.ActiveCfg = Debug|Any CPU
		{366FFEC2-463F-4A02-AFFC-283BA5BB45DB}.Debug|Any CPU.Build.0 = Debug|Any CPU
		{366FFEC2-463F-4A02-AFFC-283BA5BB45DB}.Release|Any CPU.ActiveCfg = Release|Any CPU
		{366FFEC2-463F-4A02-AFFC-283BA5BB45DB}.Release|Any CPU.Build.0 = Release|Any CPU
		{AA30FBDB-1126-4179-9E42-B74DFD601F0E}.Debug|Any CPU.ActiveCfg = Debug|Any CPU
		{AA30FBDB-1126-4179-9E42-B74DFD601F0E}.Debug|Any CPU.Build.0 = Debug|Any CPU
		{AA30FBDB-1126-4179-9E42-B74DFD601F0E}.Release|Any CPU.ActiveCfg = Release|Any CPU
		{AA30FBDB-1126-4179-9E42-B74DFD601F0E}.Release|Any CPU.Build.0 = Release|Any CPU
	EndGlobalSection
	GlobalSection(SolutionProperties) = preSolution
		HideSolutionNode = FALSE
	EndGlobalSection
	GlobalSection(ExtensibilityGlobals) = postSolution
		SolutionGuid = {4EDF9B37-2F1D-4345-B5C2-423E2BA26DB5}
	EndGlobalSection
EndGlobal
